{
  "version": 4,
  "terraform_version": "1.11.4",
  "serial": 402,
  "lineage": "da90056f-0c91-cd14-f83e-358437a0de42",
  "outputs": {
    "fw_backup_eip": {
      "value": "3.141.129.105",
      "type": "string"
    },
    "fw_primary_eip": {
      "value": "3.148.0.105",
      "type": "string"
    },
    "fw_primary_lan_private_ip": {
      "value": "172.31.101.11",
      "type": "string"
    },
    "fw_primary_wan_private_ip": {
      "value": "172.31.103.10",
      "type": "string"
    },
    "server1_private_ip": {
      "value": "172.31.102.230",
      "type": "string"
    }
  },
  "resources": [
    {
      "mode": "data",
      "type": "aws_availability_zones",
      "name": "available",
      "provider": "provider[\"registry.terraform.io/hashicorp/aws\"]",
      "instances": [
        {
          "schema_version": 0,
          "attributes": {
            "all_availability_zones": null,
            "exclude_names": null,
            "exclude_zone_ids": null,
            "filter": null,
            "group_names": [
              "us-east-2-zg-1"
            ],
            "id": "us-east-2",
            "names": [
              "us-east-2a",
              "us-east-2b",
              "us-east-2c"
            ],
            "region": "us-east-2",
            "state": null,
            "timeouts": null,
            "zone_ids": [
              "use2-az1",
              "use2-az2",
              "use2-az3"
            ]
          },
          "sensitive_attributes": []
        }
      ]
    },
    {
      "mode": "managed",
      "type": "aws_eip",
      "name": "fw_backup_eip",
      "provider": "provider[\"registry.terraform.io/hashicorp/aws\"]",
      "instances": [
        {
          "schema_version": 0,
          "attributes": {
            "address": null,
            "allocation_id": "eipalloc-02d9ef9e2c085e1a0",
            "arn": "arn:aws:ec2:us-east-2:461485115270:elastic-ip/eipalloc-02d9ef9e2c085e1a0",
            "associate_with_private_ip": null,
            "association_id": "eipassoc-068a173ea637bf3b6",
            "carrier_ip": "",
            "customer_owned_ip": "",
            "customer_owned_ipv4_pool": "",
            "domain": "vpc",
            "id": "eipalloc-02d9ef9e2c085e1a0",
            "instance": "i-0e5919581b9009b45",
            "ipam_pool_id": null,
            "network_border_group": "us-east-2",
            "network_interface": "eni-0cd4b6fa81076936c",
            "private_dns": "ip-172-31-101-61.us-east-2.compute.internal",
            "private_ip": "172.31.101.61",
            "ptr_record": "",
            "public_dns": "ec2-3-141-129-105.us-east-2.compute.amazonaws.com",
            "public_ip": "3.141.129.105",
            "public_ipv4_pool": "amazon",
            "region": "us-east-2",
            "tags": {
              "Name": "nathanstacey-fw-backup-eip",
              "division": "field",
              "org": "sa",
              "project": "nathanstacey firewallproject",
              "team": "pubsec"
            },
            "tags_all": {
              "Name": "nathanstacey-fw-backup-eip",
              "division": "field",
              "org": "sa",
              "project": "nathanstacey firewallproject",
              "team": "pubsec"
            },
            "timeouts": null
          },
          "sensitive_attributes": [],
          "private": "eyJlMmJmYjczMC1lY2FhLTExZTYtOGY4OC0zNDM2M2JjN2M0YzAiOnsiZGVsZXRlIjoxODAwMDAwMDAwMDAsInJlYWQiOjkwMDAwMDAwMDAwMCwidXBkYXRlIjozMDAwMDAwMDAwMDB9fQ=="
        }
      ]
    },
    {
      "mode": "managed",
      "type": "aws_eip",
      "name": "fw_primary_eip",
      "provider": "provider[\"registry.terraform.io/hashicorp/aws\"]",
      "instances": [
        {
          "schema_version": 0,
          "attributes": {
            "address": null,
            "allocation_id": "eipalloc-073a315e3debccf7d",
            "arn": "arn:aws:ec2:us-east-2:461485115270:elastic-ip/eipalloc-073a315e3debccf7d",
            "associate_with_private_ip": null,
            "association_id": "eipassoc-0cdc506a842ea9393",
            "carrier_ip": "",
            "customer_owned_ip": "",
            "customer_owned_ipv4_pool": "",
            "domain": "vpc",
            "id": "eipalloc-073a315e3debccf7d",
            "instance": "i-0827cb7843819ec02",
            "ipam_pool_id": null,
            "network_border_group": "us-east-2",
            "network_interface": "eni-076a4f7772cb90bd0",
            "private_dns": "ip-172-31-101-34.us-east-2.compute.internal",
            "private_ip": "172.31.101.34",
            "ptr_record": "",
            "public_dns": "ec2-3-148-0-105.us-east-2.compute.amazonaws.com",
            "public_ip": "3.148.0.105",
            "public_ipv4_pool": "amazon",
            "region": "us-east-2",
            "tags": {
              "Name": "nathanstacey-fw-primary-eip",
              "division": "field",
              "org": "sa",
              "project": "nathanstacey firewallproject",
              "team": "pubsec"
            },
            "tags_all": {
              "Name": "nathanstacey-fw-primary-eip",
              "division": "field",
              "org": "sa",
              "project": "nathanstacey firewallproject",
              "team": "pubsec"
            },
            "timeouts": null
          },
          "sensitive_attributes": [],
          "private": "eyJlMmJmYjczMC1lY2FhLTExZTYtOGY4OC0zNDM2M2JjN2M0YzAiOnsiZGVsZXRlIjoxODAwMDAwMDAwMDAsInJlYWQiOjkwMDAwMDAwMDAwMCwidXBkYXRlIjozMDAwMDAwMDAwMDB9fQ=="
        }
      ]
    },
    {
      "mode": "managed",
      "type": "aws_eip_association",
      "name": "fw_backup_eip_assoc",
      "provider": "provider[\"registry.terraform.io/hashicorp/aws\"]",
      "instances": [
        {
          "schema_version": 0,
          "attributes": {
            "allocation_id": "eipalloc-02d9ef9e2c085e1a0",
            "allow_reassociation": null,
            "id": "eipassoc-09f736012aa15a9f5",
            "instance_id": "i-055a8fa9d6ebc1bc3",
            "network_interface_id": "eni-01d59298c24207b7a",
            "private_ip_address": "172.31.101.178",
            "public_ip": "3.141.129.105",
            "region": "us-east-2"
          },
          "sensitive_attributes": [],
          "private": "bnVsbA==",
          "dependencies": [
            "aws_eip.fw_backup_eip",
            "aws_instance.firewall_backup",
            "aws_key_pair.lab_key",
            "aws_security_group.firewall_sg",
            "aws_subnet.firewall",
            "data.aws_availability_zones.available"
          ]
        }
      ]
    },
    {
      "mode": "managed",
      "type": "aws_eip_association",
      "name": "fw_primary_eip_assoc",
      "provider": "provider[\"registry.terraform.io/hashicorp/aws\"]",
      "instances": [
        {
          "schema_version": 0,
          "attributes": {
            "allocation_id": "eipalloc-073a315e3debccf7d",
            "allow_reassociation": null,
            "id": "eipassoc-077be3cdcc4e481c2",
            "instance_id": "i-0da9993a85cc7a693",
            "network_interface_id": "eni-014ccae8700b802e1",
            "private_ip_address": "172.31.101.116",
            "public_ip": "3.148.0.105",
            "region": "us-east-2"
          },
          "sensitive_attributes": [],
          "private": "bnVsbA==",
          "dependencies": [
            "aws_eip.fw_primary_eip",
            "aws_instance.firewall_primary",
            "aws_key_pair.lab_key",
            "aws_security_group.firewall_sg",
            "aws_subnet.firewall",
            "data.aws_availability_zones.available"
          ]
        }
      ]
    },
    {
      "mode": "managed",
      "type": "aws_instance",
      "name": "firewall_backup",
      "provider": "provider[\"registry.terraform.io/hashicorp/aws\"]",
      "instances": [
        {
          "schema_version": 2,
          "attributes": {
            "ami": "ami-0f5fcdfbd140e4ab7",
            "arn": "arn:aws:ec2:us-east-2:461485115270:instance/i-055a8fa9d6ebc1bc3",
            "associate_public_ip_address": true,
            "availability_zone": "us-east-2a",
            "capacity_reservation_specification": [
              {
                "capacity_reservation_preference": "open",
                "capacity_reservation_target": []
              }
            ],
            "cpu_options": [
              {
                "amd_sev_snp": "",
                "core_count": 1,
                "threads_per_core": 2
              }
            ],
            "credit_specification": [
              {
                "cpu_credits": "unlimited"
              }
            ],
            "disable_api_stop": false,
            "disable_api_termination": false,
            "ebs_block_device": [],
            "ebs_optimized": false,
            "enable_primary_ipv6": null,
            "enclave_options": [
              {
                "enabled": false
              }
            ],
            "ephemeral_block_device": [],
            "force_destroy": false,
            "get_password_data": false,
            "hibernation": false,
            "host_id": "",
            "host_resource_group_arn": null,
            "iam_instance_profile": "",
            "id": "i-055a8fa9d6ebc1bc3",
            "instance_initiated_shutdown_behavior": "stop",
            "instance_lifecycle": "",
            "instance_market_options": [],
            "instance_state": "running",
            "instance_type": "t3.small",
            "ipv6_address_count": 0,
            "ipv6_addresses": [],
            "key_name": "lab-key",
            "launch_template": [],
            "maintenance_options": [
              {
                "auto_recovery": "default"
              }
            ],
            "metadata_options": [
              {
                "http_endpoint": "enabled",
                "http_protocol_ipv6": "disabled",
                "http_put_response_hop_limit": 2,
                "http_tokens": "required",
                "instance_metadata_tags": "disabled"
              }
            ],
            "monitoring": false,
            "network_interface": [],
            "outpost_arn": "",
            "password_data": "",
            "placement_group": "",
            "placement_group_id": "",
            "placement_partition_number": 0,
            "primary_network_interface": [
              {
                "delete_on_termination": true,
                "network_interface_id": "eni-01d59298c24207b7a"
              }
            ],
            "primary_network_interface_id": "eni-01d59298c24207b7a",
            "private_dns": "ip-172-31-101-178.us-east-2.compute.internal",
            "private_dns_name_options": [
              {
                "enable_resource_name_dns_a_record": false,
                "enable_resource_name_dns_aaaa_record": false,
                "hostname_type": "ip-name"
              }
            ],
            "private_ip": "172.31.101.178",
            "public_dns": "ec2-3-136-17-212.us-east-2.compute.amazonaws.com",
            "public_ip": "3.136.17.212",
            "region": "us-east-2",
            "root_block_device": [
              {
                "delete_on_termination": true,
                "device_name": "/dev/sda1",
                "encrypted": false,
                "iops": 3000,
                "kms_key_id": "",
                "tags": {},
                "tags_all": {},
                "throughput": 125,
                "volume_id": "vol-0aeadcf62c45aed0c",
                "volume_size": 8,
                "volume_type": "gp3"
              }
            ],
            "secondary_private_ips": [],
            "security_groups": [
              "nathanstacey-firewall-sg"
            ],
            "source_dest_check": false,
            "spot_instance_request_id": "",
            "subnet_id": "subnet-018e6aca8ebf2a011",
            "tags": {
              "CreatorId": "AIDAWW4VIA6DH4X55Q7SM",
              "CreatorName": "nathan.stacey@elastic.co",
              "Name": "nathanstacey-firewall-backup-lab",
              "division": "field",
              "org": "sa",
              "project": "nathanstacey firewallproject",
              "team": "pubsec"
            },
            "tags_all": {
              "CreatorId": "AIDAWW4VIA6DH4X55Q7SM",
              "CreatorName": "nathan.stacey@elastic.co",
              "Name": "nathanstacey-firewall-backup-lab",
              "division": "field",
              "org": "sa",
              "project": "nathanstacey firewallproject",
              "team": "pubsec"
            },
            "tenancy": "default",
            "timeouts": null,
            "user_data": null,
            "user_data_base64": null,
            "user_data_replace_on_change": false,
            "volume_tags": null,
            "vpc_security_group_ids": [
              "sg-0c21809dfb32c7ab7"
            ]
          },
          "sensitive_attributes": [],
          "private": "eyJlMmJmYjczMC1lY2FhLTExZTYtOGY4OC0zNDM2M2JjN2M0YzAiOnsiY3JlYXRlIjo2MDAwMDAwMDAwMDAsImRlbGV0ZSI6MTIwMDAwMDAwMDAwMCwicmVhZCI6OTAwMDAwMDAwMDAwLCJ1cGRhdGUiOjYwMDAwMDAwMDAwMH0sInNjaGVtYV92ZXJzaW9uIjoiMiJ9",
          "dependencies": [
            "aws_key_pair.lab_key",
            "aws_security_group.firewall_sg",
            "aws_subnet.firewall",
            "data.aws_availability_zones.available"
          ]
        }
      ]
    },
    {
      "mode": "managed",
      "type": "aws_instance",
      "name": "firewall_primary",
      "provider": "provider[\"registry.terraform.io/hashicorp/aws\"]",
      "instances": [
        {
          "schema_version": 2,
          "attributes": {
            "ami": "ami-0f5fcdfbd140e4ab7",
            "arn": "arn:aws:ec2:us-east-2:461485115270:instance/i-0da9993a85cc7a693",
            "associate_public_ip_address": true,
            "availability_zone": "us-east-2a",
            "capacity_reservation_specification": [
              {
                "capacity_reservation_preference": "open",
                "capacity_reservation_target": []
              }
            ],
            "cpu_options": [
              {
                "amd_sev_snp": "",
                "core_count": 1,
                "threads_per_core": 2
              }
            ],
            "credit_specification": [
              {
                "cpu_credits": "unlimited"
              }
            ],
            "disable_api_stop": false,
            "disable_api_termination": false,
            "ebs_block_device": [],
            "ebs_optimized": false,
            "enable_primary_ipv6": null,
            "enclave_options": [
              {
                "enabled": false
              }
            ],
            "ephemeral_block_device": [],
            "force_destroy": false,
            "get_password_data": false,
            "hibernation": false,
            "host_id": "",
            "host_resource_group_arn": null,
            "iam_instance_profile": "",
            "id": "i-0da9993a85cc7a693",
            "instance_initiated_shutdown_behavior": "stop",
            "instance_lifecycle": "",
            "instance_market_options": [],
            "instance_state": "running",
            "instance_type": "t3.small",
            "ipv6_address_count": 0,
            "ipv6_addresses": [],
            "key_name": "lab-key",
            "launch_template": [],
            "maintenance_options": [
              {
                "auto_recovery": "default"
              }
            ],
            "metadata_options": [
              {
                "http_endpoint": "enabled",
                "http_protocol_ipv6": "disabled",
                "http_put_response_hop_limit": 2,
                "http_tokens": "required",
                "instance_metadata_tags": "disabled"
              }
            ],
            "monitoring": false,
            "network_interface": [],
            "outpost_arn": "",
            "password_data": "",
            "placement_group": "",
            "placement_group_id": "",
            "placement_partition_number": 0,
            "primary_network_interface": [
              {
                "delete_on_termination": true,
                "network_interface_id": "eni-014ccae8700b802e1"
              }
            ],
            "primary_network_interface_id": "eni-014ccae8700b802e1",
            "private_dns": "ip-172-31-101-116.us-east-2.compute.internal",
            "private_dns_name_options": [
              {
                "enable_resource_name_dns_a_record": false,
                "enable_resource_name_dns_aaaa_record": false,
                "hostname_type": "ip-name"
              }
            ],
            "private_ip": "172.31.101.116",
            "public_dns": "ec2-18-119-127-236.us-east-2.compute.amazonaws.com",
            "public_ip": "18.119.127.236",
            "region": "us-east-2",
            "root_block_device": [
              {
                "delete_on_termination": true,
                "device_name": "/dev/sda1",
                "encrypted": false,
                "iops": 3000,
                "kms_key_id": "",
                "tags": {},
                "tags_all": {},
                "throughput": 125,
                "volume_id": "vol-0c68420cb05cb9c90",
                "volume_size": 8,
                "volume_type": "gp3"
              }
            ],
            "secondary_private_ips": [],
            "security_groups": [
              "nathanstacey-firewall-sg"
            ],
            "source_dest_check": false,
            "spot_instance_request_id": "",
            "subnet_id": "subnet-018e6aca8ebf2a011",
            "tags": {
              "CreatorId": "AIDAWW4VIA6DH4X55Q7SM",
              "CreatorName": "nathan.stacey@elastic.co",
              "Name": "nathanstacey-firewall-primary-lab",
              "division": "field",
              "org": "sa",
              "project": "nathanstacey firewallproject",
              "team": "pubsec"
            },
            "tags_all": {
              "CreatorId": "AIDAWW4VIA6DH4X55Q7SM",
              "CreatorName": "nathan.stacey@elastic.co",
              "Name": "nathanstacey-firewall-primary-lab",
              "division": "field",
              "org": "sa",
              "project": "nathanstacey firewallproject",
              "team": "pubsec"
            },
            "tenancy": "default",
            "timeouts": null,
            "user_data": null,
            "user_data_base64": null,
            "user_data_replace_on_change": false,
            "volume_tags": null,
            "vpc_security_group_ids": [
              "sg-0c21809dfb32c7ab7"
            ]
          },
          "sensitive_attributes": [],
          "private": "eyJlMmJmYjczMC1lY2FhLTExZTYtOGY4OC0zNDM2M2JjN2M0YzAiOnsiY3JlYXRlIjo2MDAwMDAwMDAwMDAsImRlbGV0ZSI6MTIwMDAwMDAwMDAwMCwicmVhZCI6OTAwMDAwMDAwMDAwLCJ1cGRhdGUiOjYwMDAwMDAwMDAwMH0sInNjaGVtYV92ZXJzaW9uIjoiMiJ9",
          "dependencies": [
            "aws_key_pair.lab_key",
            "aws_security_group.firewall_sg",
            "aws_subnet.firewall",
            "data.aws_availability_zones.available"
          ]
        }
      ]
    },
    {
      "mode": "managed",
      "type": "aws_instance",
      "name": "server1",
      "provider": "provider[\"registry.terraform.io/hashicorp/aws\"]",
      "instances": [
        {
          "schema_version": 2,
          "attributes": {
            "ami": "ami-0f5fcdfbd140e4ab7",
            "arn": "arn:aws:ec2:us-east-2:461485115270:instance/i-0525c1ef8cb2f2aa8",
            "associate_public_ip_address": false,
            "availability_zone": "us-east-2a",
            "capacity_reservation_specification": [
              {
                "capacity_reservation_preference": "open",
                "capacity_reservation_target": []
              }
            ],
            "cpu_options": [
              {
                "amd_sev_snp": "",
                "core_count": 1,
                "threads_per_core": 2
              }
            ],
            "credit_specification": [
              {
                "cpu_credits": "unlimited"
              }
            ],
            "disable_api_stop": false,
            "disable_api_termination": false,
            "ebs_block_device": [],
            "ebs_optimized": false,
            "enable_primary_ipv6": null,
            "enclave_options": [
              {
                "enabled": false
              }
            ],
            "ephemeral_block_device": [],
            "force_destroy": false,
            "get_password_data": false,
            "hibernation": false,
            "host_id": "",
            "host_resource_group_arn": null,
            "iam_instance_profile": "",
            "id": "i-0525c1ef8cb2f2aa8",
            "instance_initiated_shutdown_behavior": "stop",
            "instance_lifecycle": "",
            "instance_market_options": [],
            "instance_state": "running",
            "instance_type": "t3.micro",
            "ipv6_address_count": 0,
            "ipv6_addresses": [],
            "key_name": "lab-key",
            "launch_template": [],
            "maintenance_options": [
              {
                "auto_recovery": "default"
              }
            ],
            "metadata_options": [
              {
                "http_endpoint": "enabled",
                "http_protocol_ipv6": "disabled",
                "http_put_response_hop_limit": 2,
                "http_tokens": "required",
                "instance_metadata_tags": "disabled"
              }
            ],
            "monitoring": false,
            "network_interface": [],
            "outpost_arn": "",
            "password_data": "",
            "placement_group": "",
            "placement_group_id": "",
            "placement_partition_number": 0,
            "primary_network_interface": [
              {
                "delete_on_termination": true,
                "network_interface_id": "eni-0d7bf917b00f9a40b"
              }
            ],
            "primary_network_interface_id": "eni-0d7bf917b00f9a40b",
            "private_dns": "ip-172-31-102-230.us-east-2.compute.internal",
            "private_dns_name_options": [
              {
                "enable_resource_name_dns_a_record": false,
                "enable_resource_name_dns_aaaa_record": false,
                "hostname_type": "ip-name"
              }
            ],
            "private_ip": "172.31.102.230",
            "public_dns": "",
            "public_ip": "",
            "region": "us-east-2",
            "root_block_device": [
              {
                "delete_on_termination": true,
                "device_name": "/dev/sda1",
                "encrypted": false,
                "iops": 3000,
                "kms_key_id": "",
                "tags": {},
                "tags_all": {},
                "throughput": 125,
                "volume_id": "vol-061b40a617886a976",
                "volume_size": 8,
                "volume_type": "gp3"
              }
            ],
            "secondary_private_ips": [],
            "security_groups": [
              "nathanstacey-server1-sg"
            ],
            "source_dest_check": true,
            "spot_instance_request_id": "",
            "subnet_id": "subnet-0e8de709e75141050",
            "tags": {
              "CreatorId": "AIDAWW4VIA6DH4X55Q7SM",
              "CreatorName": "nathan.stacey@elastic.co",
              "Name": "nathanstacey-server1-lab",
              "division": "field",
              "org": "sa",
              "project": "nathanstacey firewallproject",
              "team": "pubsec"
            },
            "tags_all": {
              "CreatorId": "AIDAWW4VIA6DH4X55Q7SM",
              "CreatorName": "nathan.stacey@elastic.co",
              "Name": "nathanstacey-server1-lab",
              "division": "field",
              "org": "sa",
              "project": "nathanstacey firewallproject",
              "team": "pubsec"
            },
            "tenancy": "default",
            "timeouts": null,
            "user_data": null,
            "user_data_base64": null,
            "user_data_replace_on_change": false,
            "volume_tags": null,
            "vpc_security_group_ids": [
              "sg-08347988c71e46fc1"
            ]
          },
          "sensitive_attributes": [],
          "private": "eyJlMmJmYjczMC1lY2FhLTExZTYtOGY4OC0zNDM2M2JjN2M0YzAiOnsiY3JlYXRlIjo2MDAwMDAwMDAwMDAsImRlbGV0ZSI6MTIwMDAwMDAwMDAwMCwicmVhZCI6OTAwMDAwMDAwMDAwLCJ1cGRhdGUiOjYwMDAwMDAwMDAwMH0sInNjaGVtYV92ZXJzaW9uIjoiMiJ9",
          "dependencies": [
            "aws_key_pair.lab_key",
            "aws_security_group.firewall_sg",
            "aws_security_group.server1_sg",
            "aws_subnet.server1",
            "data.aws_availability_zones.available"
          ]
        }
      ]
    },
    {
      "mode": "managed",
      "type": "aws_instance",
      "name": "server2",
      "provider": "provider[\"registry.terraform.io/hashicorp/aws\"]",
      "instances": [
        {
          "schema_version": 2,
          "attributes": {
            "ami": "ami-0f5fcdfbd140e4ab7",
            "arn": "arn:aws:ec2:us-east-2:461485115270:instance/i-0b5d13e0bd450f3e6",
            "associate_public_ip_address": false,
            "availability_zone": "us-east-2a",
            "capacity_reservation_specification": [
              {
                "capacity_reservation_preference": "open",
                "capacity_reservation_target": []
              }
            ],
            "cpu_options": [
              {
                "amd_sev_snp": "",
                "core_count": 1,
                "threads_per_core": 2
              }
            ],
            "credit_specification": [
              {
                "cpu_credits": "unlimited"
              }
            ],
            "disable_api_stop": false,
            "disable_api_termination": false,
            "ebs_block_device": [],
            "ebs_optimized": false,
            "enable_primary_ipv6": null,
            "enclave_options": [
              {
                "enabled": false
              }
            ],
            "ephemeral_block_device": [],
            "force_destroy": false,
            "get_password_data": false,
            "hibernation": false,
            "host_id": "",
            "host_resource_group_arn": null,
            "iam_instance_profile": "",
            "id": "i-0b5d13e0bd450f3e6",
            "instance_initiated_shutdown_behavior": "stop",
            "instance_lifecycle": "",
            "instance_market_options": [],
            "instance_state": "running",
            "instance_type": "t3.micro",
            "ipv6_address_count": 0,
            "ipv6_addresses": [],
            "key_name": "lab-key",
            "launch_template": [],
            "maintenance_options": [
              {
                "auto_recovery": "default"
              }
            ],
            "metadata_options": [
              {
                "http_endpoint": "enabled",
                "http_protocol_ipv6": "disabled",
                "http_put_response_hop_limit": 2,
                "http_tokens": "required",
                "instance_metadata_tags": "disabled"
              }
            ],
            "monitoring": false,
            "network_interface": [],
            "outpost_arn": "",
            "password_data": "",
            "placement_group": "",
            "placement_group_id": "",
            "placement_partition_number": 0,
            "primary_network_interface": [
              {
                "delete_on_termination": true,
                "network_interface_id": "eni-0af4dde37a5f22a42"
              }
            ],
            "primary_network_interface_id": "eni-0af4dde37a5f22a42",
            "private_dns": "ip-172-31-100-155.us-east-2.compute.internal",
            "private_dns_name_options": [
              {
                "enable_resource_name_dns_a_record": false,
                "enable_resource_name_dns_aaaa_record": false,
                "hostname_type": "ip-name"
              }
            ],
            "private_ip": "172.31.100.155",
            "public_dns": "",
            "public_ip": "",
            "region": "us-east-2",
            "root_block_device": [
              {
                "delete_on_termination": true,
                "device_name": "/dev/sda1",
                "encrypted": false,
                "iops": 3000,
                "kms_key_id": "",
                "tags": {},
                "tags_all": {},
                "throughput": 125,
                "volume_id": "vol-059d1f51aec6e8812",
                "volume_size": 8,
                "volume_type": "gp3"
              }
            ],
            "secondary_private_ips": [],
            "security_groups": [
              "nathanstacey-server2-sg"
            ],
            "source_dest_check": true,
            "spot_instance_request_id": "",
            "subnet_id": "subnet-033a8ffde03c272a2",
            "tags": {
              "CreatorId": "AIDAWW4VIA6DH4X55Q7SM",
              "CreatorName": "nathan.stacey@elastic.co",
              "Name": "nathanstacey-server2-lab",
              "division": "field",
              "org": "sa",
              "project": "nathanstacey firewallproject",
              "team": "pubsec"
            },
            "tags_all": {
              "CreatorId": "AIDAWW4VIA6DH4X55Q7SM",
              "CreatorName": "nathan.stacey@elastic.co",
              "Name": "nathanstacey-server2-lab",
              "division": "field",
              "org": "sa",
              "project": "nathanstacey firewallproject",
              "team": "pubsec"
            },
            "tenancy": "default",
            "timeouts": null,
            "user_data": null,
            "user_data_base64": null,
            "user_data_replace_on_change": false,
            "volume_tags": null,
            "vpc_security_group_ids": [
              "sg-0101e1e278c76f508"
            ]
          },
          "sensitive_attributes": [],
          "private": "eyJlMmJmYjczMC1lY2FhLTExZTYtOGY4OC0zNDM2M2JjN2M0YzAiOnsiY3JlYXRlIjo2MDAwMDAwMDAwMDAsImRlbGV0ZSI6MTIwMDAwMDAwMDAwMCwicmVhZCI6OTAwMDAwMDAwMDAwLCJ1cGRhdGUiOjYwMDAwMDAwMDAwMH0sInNjaGVtYV92ZXJzaW9uIjoiMiJ9",
          "dependencies": [
            "aws_key_pair.lab_key",
            "aws_security_group.server2_sg",
            "aws_subnet.client",
            "data.aws_availability_zones.available"
          ]
        }
      ]
    },
    {
      "mode": "managed",
      "type": "aws_internet_gateway",
      "name": "igw",
      "provider": "provider[\"registry.terraform.io/hashicorp/aws\"]",
      "instances": [
        {
          "schema_version": 0,
          "attributes": {
            "arn": "arn:aws:ec2:us-east-2:461485115270:internet-gateway/igw-4719842e",
            "id": "igw-4719842e",
            "owner_id": "461485115270",
            "region": "us-east-2",
            "tags": {
              "Name": "nathanstacey-igw",
              "division": "field",
              "org": "sa",
              "project": "nathanstacey firewallproject",
              "team": "pubsec"
            },
            "tags_all": {
              "Name": "nathanstacey-igw",
              "division": "field",
              "org": "sa",
              "project": "nathanstacey firewallproject",
              "team": "pubsec"
            },
            "timeouts": null,
            "vpc_id": "vpc-773e7e1e"
          },
          "sensitive_attributes": [],
          "private": "eyJlMmJmYjczMC1lY2FhLTExZTYtOGY4OC0zNDM2M2JjN2M0YzAiOnsiY3JlYXRlIjoxMjAwMDAwMDAwMDAwLCJkZWxldGUiOjEyMDAwMDAwMDAwMDAsInVwZGF0ZSI6MTIwMDAwMDAwMDAwMH19"
        }
      ]
    },
    {
      "mode": "managed",
      "type": "aws_key_pair",
      "name": "lab_key",
      "provider": "provider[\"registry.terraform.io/hashicorp/aws\"]",
      "instances": [
        {
          "schema_version": 1,
          "attributes": {
            "arn": "arn:aws:ec2:us-east-2:461485115270:key-pair/lab-key",
            "fingerprint": "+qCWP6B2ghdia8zvjB1M0F4+z4iDyP9wW1pnkNTtQZY=",
            "id": "lab-key",
            "key_name": "lab-key",
            "key_name_prefix": "",
            "key_pair_id": "key-07935d17e160a9ad9",
            "key_type": "ed25519",
            "public_key": "ssh-ed25519 AAAAC3NzaC1lZDI1NTE5AAAAIIGQwb8wmh/du1+H6E0U/DcErZQ/zzP3i9qItYeWTAl1 nathanstacey@Nathans-MacBook-Pro.local",
            "region": "us-east-2",
            "tags": null,
            "tags_all": {}
          },
          "sensitive_attributes": [],
          "private": "eyJzY2hlbWFfdmVyc2lvbiI6IjEifQ=="
        }
      ]
    },
    {
      "mode": "managed",
      "type": "aws_network_interface",
      "name": "fw_backup_lan_eni",
      "provider": "provider[\"registry.terraform.io/hashicorp/aws\"]",
      "instances": [
        {
          "schema_version": 0,
          "attributes": {
            "arn": "arn:aws:ec2:us-east-2:461485115270:network-interface/eni-0e641c6767336b8b4",
            "attachment": [
              {
                "attachment_id": "eni-attach-00a6090925490961f",
                "device_index": 2,
                "instance": "i-0e5919581b9009b45",
                "network_card_index": 0
              }
            ],
            "description": "",
            "enable_primary_ipv6": null,
            "id": "eni-0e641c6767336b8b4",
            "interface_type": "interface",
            "ipv4_prefix_count": 0,
            "ipv4_prefixes": [],
            "ipv6_address_count": 0,
            "ipv6_address_list": [],
            "ipv6_address_list_enabled": false,
            "ipv6_addresses": [],
            "ipv6_prefix_count": 0,
            "ipv6_prefixes": [],
            "mac_address": "02:9e:f9:e3:56:b9",
            "outpost_arn": "",
            "owner_id": "461485115270",
            "private_dns_name": "ip-172-31-101-21.us-east-2.compute.internal",
            "private_ip": "172.31.101.21",
            "private_ip_list": [
              "172.31.101.21"
            ],
            "private_ip_list_enabled": false,
            "private_ips": [
              "172.31.101.21"
            ],
            "private_ips_count": 0,
            "region": "us-east-2",
            "security_groups": [
              "sg-0c21809dfb32c7ab7"
            ],
            "source_dest_check": false,
            "subnet_id": "subnet-018e6aca8ebf2a011",
            "tags": {
              "Name": "nathanstacey-fw-backup-lan-eni",
              "division": "field",
              "org": "sa",
              "project": "nathanstacey firewallproject",
              "team": "pubsec"
            },
            "tags_all": {
              "Name": "nathanstacey-fw-backup-lan-eni",
              "division": "field",
              "org": "sa",
              "project": "nathanstacey firewallproject",
              "team": "pubsec"
            }
          },
          "sensitive_attributes": [],
          "private": "bnVsbA==",
          "dependencies": [
            "aws_security_group.firewall_sg",
            "aws_subnet.firewall",
            "data.aws_availability_zones.available"
          ]
        }
      ]
    },
    {
      "mode": "managed",
      "type": "aws_network_interface",
      "name": "fw_backup_wan_eni",
      "provider": "provider[\"registry.terraform.io/hashicorp/aws\"]",
      "instances": [
        {
          "schema_version": 0,
          "attributes": {
            "arn": "arn:aws:ec2:us-east-2:461485115270:network-interface/eni-00e23b9b6320c08f4",
            "attachment": [
              {
                "attachment_id": "eni-attach-00b476b64c2c229dd",
                "device_index": 1,
                "instance": "i-0e5919581b9009b45",
                "network_card_index": 0
              }
            ],
            "description": "",
            "enable_primary_ipv6": null,
            "id": "eni-00e23b9b6320c08f4",
            "interface_type": "interface",
            "ipv4_prefix_count": 0,
            "ipv4_prefixes": [],
            "ipv6_address_count": 0,
            "ipv6_address_list": [],
            "ipv6_address_list_enabled": false,
            "ipv6_addresses": [],
            "ipv6_prefix_count": 0,
            "ipv6_prefixes": [],
            "mac_address": "02:5d:30:78:b4:29",
            "outpost_arn": "",
            "owner_id": "461485115270",
            "private_dns_name": "ip-172-31-103-11.us-east-2.compute.internal",
            "private_ip": "172.31.103.11",
            "private_ip_list": [
              "172.31.103.11"
            ],
            "private_ip_list_enabled": false,
            "private_ips": [
              "172.31.103.11"
            ],
            "private_ips_count": 0,
            "region": "us-east-2",
            "security_groups": [
              "sg-06d6d89959446c325"
            ],
            "source_dest_check": false,
            "subnet_id": "subnet-00d5dd4fd5aaf7c55",
            "tags": {
              "Name": "fw-backup-wan-eni"
            },
            "tags_all": {
              "Name": "fw-backup-wan-eni"
            }
          },
          "sensitive_attributes": [],
          "private": "bnVsbA==",
          "dependencies": [
            "aws_security_group.firewall_wan_sg",
            "aws_subnet.public_wan",
            "data.aws_availability_zones.available"
          ]
        }
      ]
    },
    {
      "mode": "managed",
      "type": "aws_network_interface",
      "name": "fw_primary_lan_eni",
      "provider": "provider[\"registry.terraform.io/hashicorp/aws\"]",
      "instances": [
        {
          "schema_version": 0,
          "attributes": {
            "arn": "arn:aws:ec2:us-east-2:461485115270:network-interface/eni-0fecb2d5381257c3d",
            "attachment": [
              {
                "attachment_id": "eni-attach-03fc1a3e7956fb42c",
                "device_index": 2,
                "instance": "i-0827cb7843819ec02",
                "network_card_index": 0
              }
            ],
            "description": "",
            "enable_primary_ipv6": null,
            "id": "eni-0fecb2d5381257c3d",
            "interface_type": "interface",
            "ipv4_prefix_count": 0,
            "ipv4_prefixes": [],
            "ipv6_address_count": 0,
            "ipv6_address_list": [],
            "ipv6_address_list_enabled": false,
            "ipv6_addresses": [],
            "ipv6_prefix_count": 0,
            "ipv6_prefixes": [],
            "mac_address": "02:50:de:02:a0:c1",
            "outpost_arn": "",
            "owner_id": "461485115270",
            "private_dns_name": "ip-172-31-101-11.us-east-2.compute.internal",
            "private_ip": "172.31.101.11",
            "private_ip_list": [
              "172.31.101.11"
            ],
            "private_ip_list_enabled": false,
            "private_ips": [
              "172.31.101.11"
            ],
            "private_ips_count": 0,
            "region": "us-east-2",
            "security_groups": [
              "sg-0c21809dfb32c7ab7"
            ],
            "source_dest_check": false,
            "subnet_id": "subnet-018e6aca8ebf2a011",
            "tags": {
              "Name": "nathanstacey-fw-primary-lan-eni",
              "division": "field",
              "org": "sa",
              "project": "nathanstacey firewallproject",
              "team": "pubsec"
            },
            "tags_all": {
              "Name": "nathanstacey-fw-primary-lan-eni",
              "division": "field",
              "org": "sa",
              "project": "nathanstacey firewallproject",
              "team": "pubsec"
            }
          },
          "sensitive_attributes": [],
          "private": "bnVsbA==",
          "dependencies": [
            "aws_security_group.firewall_sg",
            "aws_subnet.firewall",
            "data.aws_availability_zones.available"
          ]
        }
      ]
    },
    {
      "mode": "managed",
      "type": "aws_network_interface",
      "name": "fw_primary_wan_eni",
      "provider": "provider[\"registry.terraform.io/hashicorp/aws\"]",
      "instances": [
        {
          "schema_version": 0,
          "attributes": {
            "arn": "arn:aws:ec2:us-east-2:461485115270:network-interface/eni-0fa20928611f1119e",
            "attachment": [
              {
                "attachment_id": "eni-attach-0a371514bf00af92f",
                "device_index": 1,
                "instance": "i-0827cb7843819ec02",
                "network_card_index": 0
              }
            ],
            "description": "",
            "enable_primary_ipv6": null,
            "id": "eni-0fa20928611f1119e",
            "interface_type": "interface",
            "ipv4_prefix_count": 0,
            "ipv4_prefixes": [],
            "ipv6_address_count": 0,
            "ipv6_address_list": [],
            "ipv6_address_list_enabled": false,
            "ipv6_addresses": [],
            "ipv6_prefix_count": 0,
            "ipv6_prefixes": [],
            "mac_address": "02:15:27:cc:a0:61",
            "outpost_arn": "",
            "owner_id": "461485115270",
            "private_dns_name": "ip-172-31-103-10.us-east-2.compute.internal",
            "private_ip": "172.31.103.10",
            "private_ip_list": [
              "172.31.103.10"
            ],
            "private_ip_list_enabled": false,
            "private_ips": [
              "172.31.103.10"
            ],
            "private_ips_count": 0,
            "region": "us-east-2",
            "security_groups": [
              "sg-06d6d89959446c325"
            ],
            "source_dest_check": false,
            "subnet_id": "subnet-00d5dd4fd5aaf7c55",
            "tags": {
              "Name": "fw-primary-wan-eni"
            },
            "tags_all": {
              "Name": "fw-primary-wan-eni"
            }
          },
          "sensitive_attributes": [],
          "private": "bnVsbA==",
          "dependencies": [
            "aws_security_group.firewall_wan_sg",
            "aws_subnet.public_wan",
            "data.aws_availability_zones.available"
          ]
        }
      ]
    },
    {
      "mode": "managed",
      "type": "aws_network_interface_attachment",
      "name": "fw_backup_lan_attach",
      "provider": "provider[\"registry.terraform.io/hashicorp/aws\"]",
      "instances": [
        {
          "schema_version": 0,
          "attributes": {
            "attachment_id": "eni-attach-01f01b968a4614500",
            "device_index": 2,
            "id": "eni-attach-01f01b968a4614500",
            "instance_id": "i-055a8fa9d6ebc1bc3",
            "network_card_index": 0,
            "network_interface_id": "eni-0e641c6767336b8b4",
            "region": "us-east-2",
            "status": "attached"
          },
          "sensitive_attributes": [],
          "private": "bnVsbA==",
          "dependencies": [
            "aws_instance.firewall_backup",
            "aws_key_pair.lab_key",
            "aws_network_interface.fw_backup_lan_eni",
            "aws_security_group.firewall_sg",
            "aws_subnet.firewall",
            "data.aws_availability_zones.available"
          ]
        }
      ]
    },
    {
      "mode": "managed",
      "type": "aws_network_interface_attachment",
      "name": "fw_backup_wan_attach",
      "provider": "provider[\"registry.terraform.io/hashicorp/aws\"]",
      "instances": [
        {
          "schema_version": 0,
          "attributes": {
            "attachment_id": "eni-attach-0f7f5749554f94900",
            "device_index": 1,
            "id": "eni-attach-0f7f5749554f94900",
            "instance_id": "i-055a8fa9d6ebc1bc3",
            "network_card_index": 0,
            "network_interface_id": "eni-00e23b9b6320c08f4",
            "region": "us-east-2",
            "status": "attached"
          },
          "sensitive_attributes": [],
          "private": "bnVsbA==",
          "dependencies": [
            "aws_instance.firewall_backup",
            "aws_key_pair.lab_key",
            "aws_network_interface.fw_backup_wan_eni",
            "aws_security_group.firewall_sg",
            "aws_security_group.firewall_wan_sg",
            "aws_subnet.firewall",
            "aws_subnet.public_wan",
            "data.aws_availability_zones.available"
          ]
        }
      ]
    },
    {
      "mode": "managed",
      "type": "aws_network_interface_attachment",
      "name": "fw_primary_lan_attach",
      "provider": "provider[\"registry.terraform.io/hashicorp/aws\"]",
      "instances": [
        {
          "schema_version": 0,
          "attributes": {
            "attachment_id": "eni-attach-04b955a752e921c93",
            "device_index": 2,
            "id": "eni-attach-04b955a752e921c93",
            "instance_id": "i-0da9993a85cc7a693",
            "network_card_index": 0,
            "network_interface_id": "eni-0fecb2d5381257c3d",
            "region": "us-east-2",
            "status": "attached"
          },
          "sensitive_attributes": [],
          "private": "bnVsbA==",
          "dependencies": [
            "aws_instance.firewall_primary",
            "aws_key_pair.lab_key",
            "aws_network_interface.fw_primary_lan_eni",
            "aws_security_group.firewall_sg",
            "aws_subnet.firewall",
            "data.aws_availability_zones.available"
          ]
        }
      ]
    },
    {
      "mode": "managed",
      "type": "aws_network_interface_attachment",
      "name": "fw_primary_wan_attach",
      "provider": "provider[\"registry.terraform.io/hashicorp/aws\"]",
      "instances": [
        {
          "schema_version": 0,
          "attributes": {
            "attachment_id": "eni-attach-0f351184c2b0f815d",
            "device_index": 1,
            "id": "eni-attach-0f351184c2b0f815d",
            "instance_id": "i-0da9993a85cc7a693",
            "network_card_index": 0,
            "network_interface_id": "eni-0fa20928611f1119e",
            "region": "us-east-2",
            "status": "attached"
          },
          "sensitive_attributes": [],
          "private": "bnVsbA==",
          "dependencies": [
            "aws_instance.firewall_primary",
            "aws_key_pair.lab_key",
            "aws_network_interface.fw_primary_wan_eni",
            "aws_security_group.firewall_sg",
            "aws_security_group.firewall_wan_sg",
            "aws_subnet.firewall",
            "aws_subnet.public_wan",
            "data.aws_availability_zones.available"
          ]
        }
      ]
    },
    {
      "mode": "managed",
      "type": "aws_route",
      "name": "client_default_via_fw",
      "provider": "provider[\"registry.terraform.io/hashicorp/aws\"]",
      "instances": [
        {
          "schema_version": 0,
          "attributes": {
            "carrier_gateway_id": "",
            "core_network_arn": "",
            "destination_cidr_block": "0.0.0.0/0",
            "destination_ipv6_cidr_block": "",
            "destination_prefix_list_id": "",
            "egress_only_gateway_id": "",
            "gateway_id": "",
            "id": "r-rtb-0a45ab9d5662917d91080289494",
            "instance_id": "i-0827cb7843819ec02",
            "instance_owner_id": "461485115270",
            "local_gateway_id": "",
            "nat_gateway_id": "",
            "network_interface_id": "eni-0fa20928611f1119e",
            "origin": "CreateRoute",
            "region": "us-east-2",
            "route_table_id": "rtb-0a45ab9d5662917d9",
            "state": "active",
            "timeouts": null,
            "transit_gateway_id": "",
            "vpc_endpoint_id": "",
            "vpc_peering_connection_id": ""
          },
          "sensitive_attributes": [],
          "private": "eyJlMmJmYjczMC1lY2FhLTExZTYtOGY4OC0zNDM2M2JjN2M0YzAiOnsiY3JlYXRlIjozMDAwMDAwMDAwMDAsImRlbGV0ZSI6MzAwMDAwMDAwMDAwLCJ1cGRhdGUiOjEyMDAwMDAwMDAwMH19",
          "dependencies": [
            "aws_network_interface.fw_primary_wan_eni",
            "aws_route_table.client_rt",
            "aws_security_group.firewall_wan_sg",
            "aws_subnet.public_wan",
            "data.aws_availability_zones.available"
          ]
        }
      ]
    },
    {
      "mode": "managed",
      "type": "aws_route",
      "name": "client_to_server1",
      "provider": "provider[\"registry.terraform.io/hashicorp/aws\"]",
      "instances": [
        {
          "schema_version": 0,
          "attributes": {
            "carrier_gateway_id": "",
            "core_network_arn": "",
            "destination_cidr_block": "172.31.102.0/24",
            "destination_ipv6_cidr_block": "",
            "destination_prefix_list_id": "",
            "egress_only_gateway_id": "",
            "gateway_id": "",
            "id": "r-rtb-0a45ab9d5662917d91602405064",
            "instance_id": "i-0827cb7843819ec02",
            "instance_owner_id": "461485115270",
            "local_gateway_id": "",
            "nat_gateway_id": "",
            "network_interface_id": "eni-0fecb2d5381257c3d",
            "origin": "CreateRoute",
            "region": "us-east-2",
            "route_table_id": "rtb-0a45ab9d5662917d9",
            "state": "active",
            "timeouts": null,
            "transit_gateway_id": "",
            "vpc_endpoint_id": "",
            "vpc_peering_connection_id": ""
          },
          "sensitive_attributes": [],
          "private": "eyJlMmJmYjczMC1lY2FhLTExZTYtOGY4OC0zNDM2M2JjN2M0YzAiOnsiY3JlYXRlIjozMDAwMDAwMDAwMDAsImRlbGV0ZSI6MzAwMDAwMDAwMDAwLCJ1cGRhdGUiOjEyMDAwMDAwMDAwMH19",
          "dependencies": [
            "aws_network_interface.fw_primary_lan_eni",
            "aws_route_table.client_rt",
            "aws_security_group.firewall_sg",
            "aws_subnet.firewall",
            "aws_subnet.server1",
            "data.aws_availability_zones.available"
          ]
        }
      ]
    },
    {
      "mode": "managed",
      "type": "aws_route",
      "name": "firewall_default",
      "provider": "provider[\"registry.terraform.io/hashicorp/aws\"]",
      "instances": [
        {
          "schema_version": 0,
          "attributes": {
            "carrier_gateway_id": "",
            "core_network_arn": "",
            "destination_cidr_block": "0.0.0.0/0",
            "destination_ipv6_cidr_block": "",
            "destination_prefix_list_id": "",
            "egress_only_gateway_id": "",
            "gateway_id": "igw-4719842e",
            "id": "r-rtb-02164202e27a423d91080289494",
            "instance_id": "",
            "instance_owner_id": "",
            "local_gateway_id": "",
            "nat_gateway_id": "",
            "network_interface_id": "",
            "origin": "CreateRoute",
            "region": "us-east-2",
            "route_table_id": "rtb-02164202e27a423d9",
            "state": "active",
            "timeouts": null,
            "transit_gateway_id": "",
            "vpc_endpoint_id": "",
            "vpc_peering_connection_id": ""
          },
          "sensitive_attributes": [],
          "private": "eyJlMmJmYjczMC1lY2FhLTExZTYtOGY4OC0zNDM2M2JjN2M0YzAiOnsiY3JlYXRlIjozMDAwMDAwMDAwMDAsImRlbGV0ZSI6MzAwMDAwMDAwMDAwLCJ1cGRhdGUiOjEyMDAwMDAwMDAwMH19",
          "dependencies": [
            "aws_internet_gateway.igw",
            "aws_route_table.firewall_rt"
          ]
        }
      ]
    },
    {
      "mode": "managed",
      "type": "aws_route",
      "name": "server1_default_via_fw",
      "provider": "provider[\"registry.terraform.io/hashicorp/aws\"]",
      "instances": [
        {
          "schema_version": 0,
          "attributes": {
            "carrier_gateway_id": "",
            "core_network_arn": "",
            "destination_cidr_block": "0.0.0.0/0",
            "destination_ipv6_cidr_block": "",
            "destination_prefix_list_id": "",
            "egress_only_gateway_id": "",
            "gateway_id": "",
            "id": "r-rtb-0946193ae2b9a719c1080289494",
            "instance_id": "i-0827cb7843819ec02",
            "instance_owner_id": "461485115270",
            "local_gateway_id": "",
            "nat_gateway_id": "",
            "network_interface_id": "eni-0fa20928611f1119e",
            "origin": "CreateRoute",
            "region": "us-east-2",
            "route_table_id": "rtb-0946193ae2b9a719c",
            "state": "active",
            "timeouts": null,
            "transit_gateway_id": "",
            "vpc_endpoint_id": "",
            "vpc_peering_connection_id": ""
          },
          "sensitive_attributes": [],
          "private": "eyJlMmJmYjczMC1lY2FhLTExZTYtOGY4OC0zNDM2M2JjN2M0YzAiOnsiY3JlYXRlIjozMDAwMDAwMDAwMDAsImRlbGV0ZSI6MzAwMDAwMDAwMDAwLCJ1cGRhdGUiOjEyMDAwMDAwMDAwMH19",
          "dependencies": [
            "aws_network_interface.fw_primary_wan_eni",
            "aws_route_table.server1_rt",
            "aws_security_group.firewall_wan_sg",
            "aws_subnet.public_wan",
            "data.aws_availability_zones.available"
          ]
        }
      ]
    },
    {
      "mode": "managed",
      "type": "aws_route",
      "name": "server1_to_client",
      "provider": "provider[\"registry.terraform.io/hashicorp/aws\"]",
      "instances": [
        {
          "schema_version": 0,
          "attributes": {
            "carrier_gateway_id": "",
            "core_network_arn": "",
            "destination_cidr_block": "172.31.100.0/24",
            "destination_ipv6_cidr_block": "",
            "destination_prefix_list_id": "",
            "egress_only_gateway_id": "",
            "gateway_id": "",
            "id": "r-rtb-0946193ae2b9a719c306865091",
            "instance_id": "i-0827cb7843819ec02",
            "instance_owner_id": "461485115270",
            "local_gateway_id": "",
            "nat_gateway_id": "",
            "network_interface_id": "eni-0fecb2d5381257c3d",
            "origin": "CreateRoute",
            "region": "us-east-2",
            "route_table_id": "rtb-0946193ae2b9a719c",
            "state": "active",
            "timeouts": null,
            "transit_gateway_id": "",
            "vpc_endpoint_id": "",
            "vpc_peering_connection_id": ""
          },
          "sensitive_attributes": [],
          "private": "eyJlMmJmYjczMC1lY2FhLTExZTYtOGY4OC0zNDM2M2JjN2M0YzAiOnsiY3JlYXRlIjozMDAwMDAwMDAwMDAsImRlbGV0ZSI6MzAwMDAwMDAwMDAwLCJ1cGRhdGUiOjEyMDAwMDAwMDAwMH19",
          "dependencies": [
            "aws_network_interface.fw_primary_lan_eni",
            "aws_route_table.server1_rt",
            "aws_security_group.firewall_sg",
            "aws_subnet.client",
            "aws_subnet.firewall",
            "data.aws_availability_zones.available"
          ]
        }
      ]
    },
    {
      "mode": "managed",
      "type": "aws_route_table",
      "name": "client_rt",
      "provider": "provider[\"registry.terraform.io/hashicorp/aws\"]",
      "instances": [
        {
          "schema_version": 0,
          "attributes": {
            "arn": "arn:aws:ec2:us-east-2:461485115270:route-table/rtb-0a45ab9d5662917d9",
            "id": "rtb-0a45ab9d5662917d9",
            "owner_id": "461485115270",
            "propagating_vgws": [],
            "region": "us-east-2",
            "route": [
              {
                "carrier_gateway_id": "",
                "cidr_block": "0.0.0.0/0",
                "core_network_arn": "",
                "destination_prefix_list_id": "",
                "egress_only_gateway_id": "",
                "gateway_id": "",
                "ipv6_cidr_block": "",
                "local_gateway_id": "",
                "nat_gateway_id": "",
                "network_interface_id": "eni-0fa20928611f1119e",
                "transit_gateway_id": "",
                "vpc_endpoint_id": "",
                "vpc_peering_connection_id": ""
              },
              {
                "carrier_gateway_id": "",
                "cidr_block": "172.31.102.0/24",
                "core_network_arn": "",
                "destination_prefix_list_id": "",
                "egress_only_gateway_id": "",
                "gateway_id": "",
                "ipv6_cidr_block": "",
                "local_gateway_id": "",
                "nat_gateway_id": "",
                "network_interface_id": "eni-0fecb2d5381257c3d",
                "transit_gateway_id": "",
                "vpc_endpoint_id": "",
                "vpc_peering_connection_id": ""
              }
            ],
            "tags": {
              "Name": "nathanstacey-client-rt",
              "division": "field",
              "org": "sa",
              "project": "nathanstacey firewallproject",
              "team": "pubsec"
            },
            "tags_all": {
              "Name": "nathanstacey-client-rt",
              "division": "field",
              "org": "sa",
              "project": "nathanstacey firewallproject",
              "team": "pubsec"
            },
            "timeouts": null,
            "vpc_id": "vpc-773e7e1e"
          },
          "sensitive_attributes": [],
          "private": "eyJlMmJmYjczMC1lY2FhLTExZTYtOGY4OC0zNDM2M2JjN2M0YzAiOnsiY3JlYXRlIjozMDAwMDAwMDAwMDAsImRlbGV0ZSI6MzAwMDAwMDAwMDAwLCJ1cGRhdGUiOjEyMDAwMDAwMDAwMH19"
        }
      ]
    },
    {
      "mode": "managed",
      "type": "aws_route_table",
      "name": "firewall_rt",
      "provider": "provider[\"registry.terraform.io/hashicorp/aws\"]",
      "instances": [
        {
          "schema_version": 0,
          "attributes": {
            "arn": "arn:aws:ec2:us-east-2:461485115270:route-table/rtb-02164202e27a423d9",
            "id": "rtb-02164202e27a423d9",
            "owner_id": "461485115270",
            "propagating_vgws": [],
            "region": "us-east-2",
            "route": [
              {
                "carrier_gateway_id": "",
                "cidr_block": "0.0.0.0/0",
                "core_network_arn": "",
                "destination_prefix_list_id": "",
                "egress_only_gateway_id": "",
                "gateway_id": "igw-4719842e",
                "ipv6_cidr_block": "",
                "local_gateway_id": "",
                "nat_gateway_id": "",
                "network_interface_id": "",
                "transit_gateway_id": "",
                "vpc_endpoint_id": "",
                "vpc_peering_connection_id": ""
              }
            ],
            "tags": {
              "Name": "nathanstacey-firewall-rt",
              "division": "field",
              "org": "sa",
              "project": "nathanstacey firewallproject",
              "team": "pubsec"
            },
            "tags_all": {
              "Name": "nathanstacey-firewall-rt",
              "division": "field",
              "org": "sa",
              "project": "nathanstacey firewallproject",
              "team": "pubsec"
            },
            "timeouts": null,
            "vpc_id": "vpc-773e7e1e"
          },
          "sensitive_attributes": [],
          "private": "eyJlMmJmYjczMC1lY2FhLTExZTYtOGY4OC0zNDM2M2JjN2M0YzAiOnsiY3JlYXRlIjozMDAwMDAwMDAwMDAsImRlbGV0ZSI6MzAwMDAwMDAwMDAwLCJ1cGRhdGUiOjEyMDAwMDAwMDAwMH19"
        }
      ]
    },
    {
      "mode": "managed",
      "type": "aws_route_table",
      "name": "server1_rt",
      "provider": "provider[\"registry.terraform.io/hashicorp/aws\"]",
      "instances": [
        {
          "schema_version": 0,
          "attributes": {
            "arn": "arn:aws:ec2:us-east-2:461485115270:route-table/rtb-0946193ae2b9a719c",
            "id": "rtb-0946193ae2b9a719c",
            "owner_id": "461485115270",
            "propagating_vgws": [],
            "region": "us-east-2",
            "route": [
              {
                "carrier_gateway_id": "",
                "cidr_block": "0.0.0.0/0",
                "core_network_arn": "",
                "destination_prefix_list_id": "",
                "egress_only_gateway_id": "",
                "gateway_id": "",
                "ipv6_cidr_block": "",
                "local_gateway_id": "",
                "nat_gateway_id": "",
                "network_interface_id": "eni-0fa20928611f1119e",
                "transit_gateway_id": "",
                "vpc_endpoint_id": "",
                "vpc_peering_connection_id": ""
              },
              {
                "carrier_gateway_id": "",
                "cidr_block": "172.31.100.0/24",
                "core_network_arn": "",
                "destination_prefix_list_id": "",
                "egress_only_gateway_id": "",
                "gateway_id": "",
                "ipv6_cidr_block": "",
                "local_gateway_id": "",
                "nat_gateway_id": "",
                "network_interface_id": "eni-0fecb2d5381257c3d",
                "transit_gateway_id": "",
                "vpc_endpoint_id": "",
                "vpc_peering_connection_id": ""
              }
            ],
            "tags": {
              "Name": "nathanstacey-server1-rt",
              "division": "field",
              "org": "sa",
              "project": "nathanstacey firewallproject",
              "team": "pubsec"
            },
            "tags_all": {
              "Name": "nathanstacey-server1-rt",
              "division": "field",
              "org": "sa",
              "project": "nathanstacey firewallproject",
              "team": "pubsec"
            },
            "timeouts": null,
            "vpc_id": "vpc-773e7e1e"
          },
          "sensitive_attributes": [],
          "private": "eyJlMmJmYjczMC1lY2FhLTExZTYtOGY4OC0zNDM2M2JjN2M0YzAiOnsiY3JlYXRlIjozMDAwMDAwMDAwMDAsImRlbGV0ZSI6MzAwMDAwMDAwMDAwLCJ1cGRhdGUiOjEyMDAwMDAwMDAwMH19"
        }
      ]
    },
    {
      "mode": "managed",
      "type": "aws_route_table_association",
      "name": "client_assoc",
      "provider": "provider[\"registry.terraform.io/hashicorp/aws\"]",
      "instances": [
        {
          "schema_version": 0,
          "attributes": {
            "gateway_id": "",
            "id": "rtbassoc-081040e7020912cb3",
            "region": "us-east-2",
            "route_table_id": "rtb-0a45ab9d5662917d9",
            "subnet_id": "subnet-033a8ffde03c272a2",
            "timeouts": null
          },
          "sensitive_attributes": [],
          "private": "eyJlMmJmYjczMC1lY2FhLTExZTYtOGY4OC0zNDM2M2JjN2M0YzAiOnsiY3JlYXRlIjozMDAwMDAwMDAwMDAsImRlbGV0ZSI6MzAwMDAwMDAwMDAwLCJ1cGRhdGUiOjEyMDAwMDAwMDAwMH19",
          "dependencies": [
            "aws_route_table.client_rt",
            "aws_subnet.client",
            "data.aws_availability_zones.available"
          ]
        }
      ]
    },
    {
      "mode": "managed",
      "type": "aws_route_table_association",
      "name": "firewall_assoc",
      "provider": "provider[\"registry.terraform.io/hashicorp/aws\"]",
      "instances": [
        {
          "schema_version": 0,
          "attributes": {
            "gateway_id": "",
            "id": "rtbassoc-05fadf1e226e4a5ff",
            "region": "us-east-2",
            "route_table_id": "rtb-02164202e27a423d9",
            "subnet_id": "subnet-018e6aca8ebf2a011",
            "timeouts": null
          },
          "sensitive_attributes": [],
          "private": "eyJlMmJmYjczMC1lY2FhLTExZTYtOGY4OC0zNDM2M2JjN2M0YzAiOnsiY3JlYXRlIjozMDAwMDAwMDAwMDAsImRlbGV0ZSI6MzAwMDAwMDAwMDAwLCJ1cGRhdGUiOjEyMDAwMDAwMDAwMH19",
          "dependencies": [
            "aws_route_table.firewall_rt",
            "aws_subnet.firewall",
            "data.aws_availability_zones.available"
          ]
        }
      ]
    },
    {
      "mode": "managed",
      "type": "aws_route_table_association",
      "name": "server1_assoc",
      "provider": "provider[\"registry.terraform.io/hashicorp/aws\"]",
      "instances": [
        {
          "schema_version": 0,
          "attributes": {
            "gateway_id": "",
            "id": "rtbassoc-07200a19d09906b04",
            "region": "us-east-2",
            "route_table_id": "rtb-0946193ae2b9a719c",
            "subnet_id": "subnet-0e8de709e75141050",
            "timeouts": null
          },
          "sensitive_attributes": [],
          "private": "eyJlMmJmYjczMC1lY2FhLTExZTYtOGY4OC0zNDM2M2JjN2M0YzAiOnsiY3JlYXRlIjozMDAwMDAwMDAwMDAsImRlbGV0ZSI6MzAwMDAwMDAwMDAwLCJ1cGRhdGUiOjEyMDAwMDAwMDAwMH19",
          "dependencies": [
            "aws_route_table.server1_rt",
            "aws_subnet.server1",
            "data.aws_availability_zones.available"
          ]
        }
      ]
    },
    {
      "mode": "managed",
      "type": "aws_security_group",
      "name": "firewall_sg",
      "provider": "provider[\"registry.terraform.io/hashicorp/aws\"]",
      "instances": [
        {
          "schema_version": 1,
          "attributes": {
            "arn": "arn:aws:ec2:us-east-2:461485115270:security-group/sg-0c21809dfb32c7ab7",
            "description": "SG for UFW firewalls",
            "egress": [
              {
                "cidr_blocks": [
                  "0.0.0.0/0"
                ],
                "description": "",
                "from_port": 0,
                "ipv6_cidr_blocks": [],
                "prefix_list_ids": [],
                "protocol": "-1",
                "security_groups": [],
                "self": false,
                "to_port": 0
              }
            ],
            "id": "sg-0c21809dfb32c7ab7",
            "ingress": [
              {
                "cidr_blocks": [
                  "0.0.0.0/0"
                ],
                "description": "",
                "from_port": 22,
                "ipv6_cidr_blocks": [],
                "prefix_list_ids": [],
                "protocol": "tcp",
                "security_groups": [],
                "self": false,
                "to_port": 22
              },
              {
                "cidr_blocks": [
                  "0.0.0.0/0"
                ],
                "description": "",
                "from_port": 443,
                "ipv6_cidr_blocks": [],
                "prefix_list_ids": [],
                "protocol": "tcp",
                "security_groups": [],
                "self": false,
                "to_port": 443
              },
              {
                "cidr_blocks": [
                  "0.0.0.0/0"
                ],
                "description": "",
                "from_port": 80,
                "ipv6_cidr_blocks": [],
                "prefix_list_ids": [],
                "protocol": "tcp",
                "security_groups": [],
                "self": false,
                "to_port": 80
              },
              {
                "cidr_blocks": [
                  "172.31.0.0/16"
                ],
                "description": "",
                "from_port": 0,
                "ipv6_cidr_blocks": [],
                "prefix_list_ids": [],
                "protocol": "tcp",
                "security_groups": [],
                "self": false,
                "to_port": 65535
              },
              {
                "cidr_blocks": [
                  "172.31.0.0/16"
                ],
                "description": "",
                "from_port": 0,
                "ipv6_cidr_blocks": [],
                "prefix_list_ids": [],
                "protocol": "udp",
                "security_groups": [],
                "self": false,
                "to_port": 65535
              }
            ],
            "name": "nathanstacey-firewall-sg",
            "name_prefix": "",
            "owner_id": "461485115270",
            "region": "us-east-2",
            "revoke_rules_on_delete": false,
            "tags": {
              "Name": "nathanstacey-firewall-sg-lab",
              "division": "field",
              "org": "sa",
              "project": "nathanstacey firewallproject",
              "team": "pubsec"
            },
            "tags_all": {
              "Name": "nathanstacey-firewall-sg-lab",
              "division": "field",
              "org": "sa",
              "project": "nathanstacey firewallproject",
              "team": "pubsec"
            },
            "timeouts": null,
            "vpc_id": "vpc-773e7e1e"
          },
          "sensitive_attributes": [],
          "private": "eyJlMmJmYjczMC1lY2FhLTExZTYtOGY4OC0zNDM2M2JjN2M0YzAiOnsiY3JlYXRlIjo2MDAwMDAwMDAwMDAsImRlbGV0ZSI6OTAwMDAwMDAwMDAwfSwic2NoZW1hX3ZlcnNpb24iOiIxIn0="
        }
      ]
    },
    {
      "mode": "managed",
      "type": "aws_security_group",
      "name": "firewall_wan_sg",
      "provider": "provider[\"registry.terraform.io/hashicorp/aws\"]",
      "instances": [
        {
          "schema_version": 1,
          "attributes": {
            "arn": "arn:aws:ec2:us-east-2:461485115270:security-group/sg-06d6d89959446c325",
            "description": "Firewall WAN SG",
            "egress": [
              {
                "cidr_blocks": [
                  "0.0.0.0/0"
                ],
                "description": "",
                "from_port": 0,
                "ipv6_cidr_blocks": [],
                "prefix_list_ids": [],
                "protocol": "-1",
                "security_groups": [],
                "self": false,
                "to_port": 0
              }
            ],
            "id": "sg-06d6d89959446c325",
            "ingress": [
              {
                "cidr_blocks": [
                  "0.0.0.0/0"
                ],
                "description": "",
                "from_port": 22,
                "ipv6_cidr_blocks": [],
                "prefix_list_ids": [],
                "protocol": "tcp",
                "security_groups": [],
                "self": false,
                "to_port": 22
              },
              {
                "cidr_blocks": [
                  "0.0.0.0/0"
                ],
                "description": "",
                "from_port": 443,
                "ipv6_cidr_blocks": [],
                "prefix_list_ids": [],
                "protocol": "tcp",
                "security_groups": [],
                "self": false,
                "to_port": 443
              }
            ],
            "name": "nathanstacey-firewall-wan-sg",
            "name_prefix": "",
            "owner_id": "461485115270",
            "region": "us-east-2",
            "revoke_rules_on_delete": false,
            "tags": {
              "Name": "nathanstacey-firewall-wan-sg-lab",
              "division": "field",
              "org": "sa",
              "project": "nathanstacey firewallproject",
              "team": "pubsec"
            },
            "tags_all": {
              "Name": "nathanstacey-firewall-wan-sg-lab",
              "division": "field",
              "org": "sa",
              "project": "nathanstacey firewallproject",
              "team": "pubsec"
            },
            "timeouts": null,
            "vpc_id": "vpc-773e7e1e"
          },
          "sensitive_attributes": [],
          "private": "eyJlMmJmYjczMC1lY2FhLTExZTYtOGY4OC0zNDM2M2JjN2M0YzAiOnsiY3JlYXRlIjo2MDAwMDAwMDAwMDAsImRlbGV0ZSI6OTAwMDAwMDAwMDAwfSwic2NoZW1hX3ZlcnNpb24iOiIxIn0="
        }
      ]
    },
    {
      "mode": "managed",
      "type": "aws_security_group",
      "name": "server1_sg",
      "provider": "provider[\"registry.terraform.io/hashicorp/aws\"]",
      "instances": [
        {
          "schema_version": 1,
          "attributes": {
            "arn": "arn:aws:ec2:us-east-2:461485115270:security-group/sg-08347988c71e46fc1",
            "description": "SG for FTP Server1",
            "egress": [
              {
                "cidr_blocks": [
                  "0.0.0.0/0"
                ],
                "description": "",
                "from_port": 0,
                "ipv6_cidr_blocks": [],
                "prefix_list_ids": [],
                "protocol": "-1",
                "security_groups": [],
                "self": false,
                "to_port": 0
              }
            ],
            "id": "sg-08347988c71e46fc1",
            "ingress": [
              {
                "cidr_blocks": [
                  "0.0.0.0/0"
                ],
                "description": "",
                "from_port": 21,
                "ipv6_cidr_blocks": [],
                "prefix_list_ids": [],
                "protocol": "tcp",
                "security_groups": [],
                "self": false,
                "to_port": 21
              },
              {
                "cidr_blocks": [
                  "0.0.0.0/0"
                ],
                "description": "",
                "from_port": 22,
                "ipv6_cidr_blocks": [],
                "prefix_list_ids": [],
                "protocol": "tcp",
                "security_groups": [],
                "self": false,
                "to_port": 22
              },
              {
                "cidr_blocks": [
                  "0.0.0.0/0"
                ],
                "description": "",
                "from_port": 40000,
                "ipv6_cidr_blocks": [],
                "prefix_list_ids": [],
                "protocol": "tcp",
                "security_groups": [],
                "self": false,
                "to_port": 50000
              },
              {
                "cidr_blocks": [],
                "description": "",
                "from_port": 0,
                "ipv6_cidr_blocks": [],
                "prefix_list_ids": [],
                "protocol": "-1",
                "security_groups": [
                  "sg-0c21809dfb32c7ab7"
                ],
                "self": false,
                "to_port": 0
              }
            ],
            "name": "nathanstacey-server1-sg",
            "name_prefix": "",
            "owner_id": "461485115270",
            "region": "us-east-2",
            "revoke_rules_on_delete": false,
            "tags": {
              "Name": "nathanstacey-server1-sg-lab",
              "division": "field",
              "org": "sa",
              "project": "nathanstacey firewallproject",
              "team": "pubsec"
            },
            "tags_all": {
              "Name": "nathanstacey-server1-sg-lab",
              "division": "field",
              "org": "sa",
              "project": "nathanstacey firewallproject",
              "team": "pubsec"
            },
            "timeouts": null,
            "vpc_id": "vpc-773e7e1e"
          },
          "sensitive_attributes": [],
          "private": "eyJlMmJmYjczMC1lY2FhLTExZTYtOGY4OC0zNDM2M2JjN2M0YzAiOnsiY3JlYXRlIjo2MDAwMDAwMDAwMDAsImRlbGV0ZSI6OTAwMDAwMDAwMDAwfSwic2NoZW1hX3ZlcnNpb24iOiIxIn0=",
          "dependencies": [
            "aws_security_group.firewall_sg"
          ]
        }
      ]
    },
    {
      "mode": "managed",
      "type": "aws_security_group",
      "name": "server2_sg",
      "provider": "provider[\"registry.terraform.io/hashicorp/aws\"]",
      "instances": [
        {
          "schema_version": 1,
          "attributes": {
            "arn": "arn:aws:ec2:us-east-2:461485115270:security-group/sg-0101e1e278c76f508",
            "description": "SG for Client Downloader Server2",
            "egress": [
              {
                "cidr_blocks": [
                  "0.0.0.0/0"
                ],
                "description": "",
                "from_port": 0,
                "ipv6_cidr_blocks": [],
                "prefix_list_ids": [],
                "protocol": "-1",
                "security_groups": [],
                "self": false,
                "to_port": 0
              }
            ],
            "id": "sg-0101e1e278c76f508",
            "ingress": [
              {
                "cidr_blocks": [
                  "0.0.0.0/0"
                ],
                "description": "",
                "from_port": 22,
                "ipv6_cidr_blocks": [],
                "prefix_list_ids": [],
                "protocol": "tcp",
                "security_groups": [],
                "self": false,
                "to_port": 22
              }
            ],
            "name": "nathanstacey-server2-sg",
            "name_prefix": "",
            "owner_id": "461485115270",
            "region": "us-east-2",
            "revoke_rules_on_delete": false,
            "tags": {
              "Name": "nathanstacey-server2-sg-lab",
              "division": "field",
              "org": "sa",
              "project": "nathanstacey firewallproject",
              "team": "pubsec"
            },
            "tags_all": {
              "Name": "nathanstacey-server2-sg-lab",
              "division": "field",
              "org": "sa",
              "project": "nathanstacey firewallproject",
              "team": "pubsec"
            },
            "timeouts": null,
            "vpc_id": "vpc-773e7e1e"
          },
          "sensitive_attributes": [],
          "private": "eyJlMmJmYjczMC1lY2FhLTExZTYtOGY4OC0zNDM2M2JjN2M0YzAiOnsiY3JlYXRlIjo2MDAwMDAwMDAwMDAsImRlbGV0ZSI6OTAwMDAwMDAwMDAwfSwic2NoZW1hX3ZlcnNpb24iOiIxIn0="
        }
      ]
    },
    {
      "mode": "managed",
      "type": "aws_subnet",
      "name": "client",
      "provider": "provider[\"registry.terraform.io/hashicorp/aws\"]",
      "instances": [
        {
          "schema_version": 1,
          "attributes": {
            "arn": "arn:aws:ec2:us-east-2:461485115270:subnet/subnet-033a8ffde03c272a2",
            "assign_ipv6_address_on_creation": false,
            "availability_zone": "us-east-2a",
            "availability_zone_id": "use2-az1",
            "cidr_block": "172.31.100.0/24",
            "customer_owned_ipv4_pool": "",
            "enable_dns64": false,
            "enable_lni_at_device_index": 0,
            "enable_resource_name_dns_a_record_on_launch": false,
            "enable_resource_name_dns_aaaa_record_on_launch": false,
            "id": "subnet-033a8ffde03c272a2",
            "ipv6_cidr_block": "",
            "ipv6_cidr_block_association_id": "",
            "ipv6_native": false,
            "map_customer_owned_ip_on_launch": false,
            "map_public_ip_on_launch": true,
            "outpost_arn": "",
            "owner_id": "461485115270",
            "private_dns_hostname_type_on_launch": "ip-name",
            "region": "us-east-2",
            "tags": {
              "Name": "nathanstacey-client-subnet-lab",
              "division": "field",
              "org": "sa",
              "project": "nathanstacey firewallproject",
              "team": "pubsec"
            },
            "tags_all": {
              "Name": "nathanstacey-client-subnet-lab",
              "division": "field",
              "org": "sa",
              "project": "nathanstacey firewallproject",
              "team": "pubsec"
            },
            "timeouts": null,
            "vpc_id": "vpc-773e7e1e"
          },
          "sensitive_attributes": [],
          "private": "eyJlMmJmYjczMC1lY2FhLTExZTYtOGY4OC0zNDM2M2JjN2M0YzAiOnsiY3JlYXRlIjo2MDAwMDAwMDAwMDAsImRlbGV0ZSI6MTIwMDAwMDAwMDAwMH0sInNjaGVtYV92ZXJzaW9uIjoiMSJ9",
          "dependencies": [
            "data.aws_availability_zones.available"
          ]
        }
      ]
    },
    {
      "mode": "managed",
      "type": "aws_subnet",
      "name": "firewall",
      "provider": "provider[\"registry.terraform.io/hashicorp/aws\"]",
      "instances": [
        {
          "schema_version": 1,
          "attributes": {
            "arn": "arn:aws:ec2:us-east-2:461485115270:subnet/subnet-018e6aca8ebf2a011",
            "assign_ipv6_address_on_creation": false,
            "availability_zone": "us-east-2a",
            "availability_zone_id": "use2-az1",
            "cidr_block": "172.31.101.0/24",
            "customer_owned_ipv4_pool": "",
            "enable_dns64": false,
            "enable_lni_at_device_index": 0,
            "enable_resource_name_dns_a_record_on_launch": false,
            "enable_resource_name_dns_aaaa_record_on_launch": false,
            "id": "subnet-018e6aca8ebf2a011",
            "ipv6_cidr_block": "",
            "ipv6_cidr_block_association_id": "",
            "ipv6_native": false,
            "map_customer_owned_ip_on_launch": false,
            "map_public_ip_on_launch": true,
            "outpost_arn": "",
            "owner_id": "461485115270",
            "private_dns_hostname_type_on_launch": "ip-name",
            "region": "us-east-2",
            "tags": {
              "Name": "nathanstacey-firewall-subnet-lab",
              "division": "field",
              "org": "sa",
              "project": "nathanstacey firewallproject",
              "team": "pubsec"
            },
            "tags_all": {
              "Name": "nathanstacey-firewall-subnet-lab",
              "division": "field",
              "org": "sa",
              "project": "nathanstacey firewallproject",
              "team": "pubsec"
            },
            "timeouts": null,
            "vpc_id": "vpc-773e7e1e"
          },
          "sensitive_attributes": [],
          "private": "eyJlMmJmYjczMC1lY2FhLTExZTYtOGY4OC0zNDM2M2JjN2M0YzAiOnsiY3JlYXRlIjo2MDAwMDAwMDAwMDAsImRlbGV0ZSI6MTIwMDAwMDAwMDAwMH0sInNjaGVtYV92ZXJzaW9uIjoiMSJ9",
          "dependencies": [
            "data.aws_availability_zones.available"
          ]
        }
      ]
    },
    {
      "mode": "managed",
      "type": "aws_subnet",
      "name": "public_wan",
      "provider": "provider[\"registry.terraform.io/hashicorp/aws\"]",
      "instances": [
        {
          "schema_version": 1,
          "attributes": {
            "arn": "arn:aws:ec2:us-east-2:461485115270:subnet/subnet-00d5dd4fd5aaf7c55",
            "assign_ipv6_address_on_creation": false,
            "availability_zone": "us-east-2a",
            "availability_zone_id": "use2-az1",
            "cidr_block": "172.31.103.0/24",
            "customer_owned_ipv4_pool": "",
            "enable_dns64": false,
            "enable_lni_at_device_index": 0,
            "enable_resource_name_dns_a_record_on_launch": false,
            "enable_resource_name_dns_aaaa_record_on_launch": false,
            "id": "subnet-00d5dd4fd5aaf7c55",
            "ipv6_cidr_block": "",
            "ipv6_cidr_block_association_id": "",
            "ipv6_native": false,
            "map_customer_owned_ip_on_launch": false,
            "map_public_ip_on_launch": true,
            "outpost_arn": "",
            "owner_id": "461485115270",
            "private_dns_hostname_type_on_launch": "ip-name",
            "region": "us-east-2",
            "tags": {
              "Name": "nathanstacey-public-wan-subnet",
              "division": "field",
              "org": "sa",
              "project": "nathanstacey firewallproject",
              "team": "pubsec"
            },
            "tags_all": {
              "Name": "nathanstacey-public-wan-subnet",
              "division": "field",
              "org": "sa",
              "project": "nathanstacey firewallproject",
              "team": "pubsec"
            },
            "timeouts": null,
            "vpc_id": "vpc-773e7e1e"
          },
          "sensitive_attributes": [],
          "private": "eyJlMmJmYjczMC1lY2FhLTExZTYtOGY4OC0zNDM2M2JjN2M0YzAiOnsiY3JlYXRlIjo2MDAwMDAwMDAwMDAsImRlbGV0ZSI6MTIwMDAwMDAwMDAwMH0sInNjaGVtYV92ZXJzaW9uIjoiMSJ9",
          "dependencies": [
            "data.aws_availability_zones.available"
          ]
        }
      ]
    },
    {
      "mode": "managed",
      "type": "aws_subnet",
      "name": "server1",
      "provider": "provider[\"registry.terraform.io/hashicorp/aws\"]",
      "instances": [
        {
          "schema_version": 1,
          "attributes": {
            "arn": "arn:aws:ec2:us-east-2:461485115270:subnet/subnet-0e8de709e75141050",
            "assign_ipv6_address_on_creation": false,
            "availability_zone": "us-east-2a",
            "availability_zone_id": "use2-az1",
            "cidr_block": "172.31.102.0/24",
            "customer_owned_ipv4_pool": "",
            "enable_dns64": false,
            "enable_lni_at_device_index": 0,
            "enable_resource_name_dns_a_record_on_launch": false,
            "enable_resource_name_dns_aaaa_record_on_launch": false,
            "id": "subnet-0e8de709e75141050",
            "ipv6_cidr_block": "",
            "ipv6_cidr_block_association_id": "",
            "ipv6_native": false,
            "map_customer_owned_ip_on_launch": false,
            "map_public_ip_on_launch": true,
            "outpost_arn": "",
            "owner_id": "461485115270",
            "private_dns_hostname_type_on_launch": "ip-name",
            "region": "us-east-2",
            "tags": {
              "Name": "nathanstacey-server1-subnet-lab",
              "division": "field",
              "org": "sa",
              "project": "nathanstacey firewallproject",
              "team": "pubsec"
            },
            "tags_all": {
              "Name": "nathanstacey-server1-subnet-lab",
              "division": "field",
              "org": "sa",
              "project": "nathanstacey firewallproject",
              "team": "pubsec"
            },
            "timeouts": null,
            "vpc_id": "vpc-773e7e1e"
          },
          "sensitive_attributes": [],
          "private": "eyJlMmJmYjczMC1lY2FhLTExZTYtOGY4OC0zNDM2M2JjN2M0YzAiOnsiY3JlYXRlIjo2MDAwMDAwMDAwMDAsImRlbGV0ZSI6MTIwMDAwMDAwMDAwMH0sInNjaGVtYV92ZXJzaW9uIjoiMSJ9",
          "dependencies": [
            "data.aws_availability_zones.available"
          ]
        }
      ]
    },
    {
      "mode": "managed",
      "type": "local_file",
      "name": "ansible_inventory",
      "provider": "provider[\"registry.terraform.io/hashicorp/local\"]",
      "instances": [
        {
          "schema_version": 0,
          "attributes": {
            "content": "all:\n  vars:\n    ansible_user: ubuntu\n    ansible_ssh_private_key_file: /Users/nathanstacey/Desktop/quick/nathanstaceyohio6Dec2025.pem\n\n  children:\n    ftp:\n      hosts:\n        server1:\n          ansible_host: 172.31.102.230\n\n    downloader:\n      hosts:\n        server2:\n          ansible_host: 172.31.100.155\n\n    firewall_primary:\n      hosts:\n        fw_primary:\n          ansible_host: 172.31.101.116\n\n    firewall_backup:\n      hosts:\n        fw_backup:\n          ansible_host: 172.31.101.178\n\n",
            "content_base64": null,
            "content_base64sha256": "dS7HmK1S3YQUiLxAeWUcW/idmHUGL22dinwnAaEUH6k=",
            "content_base64sha512": "K16o8cfD0wCOREvZkiMM/Aw0bwHatkT+y9maz93Ukner/H4Ej5UfnLj3VbhYqRuPcepLncFR1rAbdS3yDZjmew==",
            "content_md5": "3af5af246511a0a2b185dff57d863c49",
            "content_sha1": "cd42d0848e315a13f52b1f849df11bcac4ba64bd",
            "content_sha256": "752ec798ad52dd841488bc4079651c5bf89d9875062f6d9d8a7c2701a1141fa9",
            "content_sha512": "2b5ea8f1c7c3d3008e444bd992230cfc0c346f01dab644fecbd99acfddd49277abfc7e048f951f9cb8f755b858a91b8f71ea4b9dc151d6b01b752df20d98e67b",
            "directory_permission": "0777",
            "file_permission": "0777",
            "filename": "./ansible/inventory/hosts.yml",
            "id": "cd42d0848e315a13f52b1f849df11bcac4ba64bd",
            "sensitive_content": null,
            "source": null
          },
          "sensitive_attributes": [
            [
              {
                "type": "get_attr",
                "value": "sensitive_content"
              }
            ]
          ],
          "dependencies": [
            "aws_instance.firewall_backup",
            "aws_instance.firewall_primary",
            "aws_instance.server1",
            "aws_instance.server2",
            "aws_key_pair.lab_key",
            "aws_security_group.firewall_sg",
            "aws_security_group.server1_sg",
            "aws_security_group.server2_sg",
            "aws_subnet.client",
            "aws_subnet.firewall",
            "aws_subnet.server1",
            "data.aws_availability_zones.available"
          ]
        }
      ]
    }
  ],
  "check_results": null
}
